
Microsoft Visual Studio Solution File, Format Version 12.00
# Visual Studio 15
Project("{FAE04EC0-301F-11D3-BF4B-00C04F79EFBC}") = "UdemyHelloWorld2.Android", "UdemyHelloWorld2.Android\UdemyHelloWorld2.Android.csproj", "{C0F945E0-D6E4-4816-933A-15178EB16D0F}"
EndProject
Project("{FAE04EC0-301F-11D3-BF4B-00C04F79EFBC}") = "UdemyHelloWorld2.iOS", "UdemyHelloWorld2.iOS\UdemyHelloWorld2.iOS.csproj", "{654CF341-5FFE-4A64-8B68-80F24E1F170D}"
EndProject
Project("{FAE04EC0-301F-11D3-BF4B-00C04F79EFBC}") = "UdemyHelloWorld2.UITests", "UdemyHelloWorld2.UITests\UdemyHelloWorld2.UITests.csproj", "{CED49D56-4E34-432F-B161-821ED7790FEB}"
EndProject
Project("{FAE04EC0-301F-11D3-BF4B-00C04F79EFBC}") = "UdemyHelloWorld2", "UdemyHelloWorld2\UdemyHelloWorld2.csproj", "{E775370D-5CFE-4D50-B38F-C086F3372DA1}"
EndProject
Project("{FAE04EC0-301F-11D3-BF4B-00C04F79EFBC}") = "InstagramApp.Android", "InstagramApp.Android\InstagramApp.Android.csproj", "{A50A2E0E-AA49-4B66-8D21-1909327C92EF}"
EndProject
Project("{FAE04EC0-301F-11D3-BF4B-00C04F79EFBC}") = "InstagramApp.iOS", "InstagramApp.iOS\InstagramApp.iOS.csproj", "{E6B748E3-6558-4B61-8E9A-DD984A7C028B}"
EndProject
Project("{FAE04EC0-301F-11D3-BF4B-00C04F79EFBC}") = "InstagramApp", "InstagramApp\InstagramApp.csproj", "{2C163E09-1519-43D4-9F94-3DF235B9AF77}"
EndProject
Project("{9344BDBB-3E7F-41FC-A0DD-8665D75EE146}") = "InstagramApp.UITests", "InstagramApp.UITests\InstagramApp.UITests.csproj", "{1D1671C6-4929-48D8-883E-2D22D83B3DB5}"
EndProject
Project("{FAE04EC0-301F-11D3-BF4B-00C04F79EFBC}") = "ContactBookApp.Android", "ContactBookApp.Android\ContactBookApp.Android.csproj", "{5D14D1CC-E04C-47D9-842D-8BB9782CCD73}"
EndProject
Project("{FAE04EC0-301F-11D3-BF4B-00C04F79EFBC}") = "ContactBookApp.iOS", "ContactBookApp.iOS\ContactBookApp.iOS.csproj", "{3542027F-E924-4D5F-B54D-B62A078A3C12}"
EndProject
Project("{FAE04EC0-301F-11D3-BF4B-00C04F79EFBC}") = "ContactBookApp.UITests", "ContactBookApp.UITests\ContactBookApp.UITests.csproj", "{7BB63C75-8982-44C8-837F-60D3E3C077D9}"
EndProject
Project("{FAE04EC0-301F-11D3-BF4B-00C04F79EFBC}") = "ContactBookApp", "ContactBookApp\ContactBookApp.csproj", "{6C344FBD-A611-4C21-B570-6EC0B88830F7}"
EndProject
Global
	GlobalSection(SolutionConfigurationPlatforms) = preSolution
		Debug|Any CPU = Debug|Any CPU
		Release|Any CPU = Release|Any CPU
		Debug|iPhoneSimulator = Debug|iPhoneSimulator
		Release|iPhoneSimulator = Release|iPhoneSimulator
		Debug|iPhone = Debug|iPhone
		Release|iPhone = Release|iPhone
	EndGlobalSection
	GlobalSection(ProjectConfigurationPlatforms) = postSolution
		{C0F945E0-D6E4-4816-933A-15178EB16D0F}.Debug|Any CPU.ActiveCfg = Debug|Any CPU
		{C0F945E0-D6E4-4816-933A-15178EB16D0F}.Debug|Any CPU.Build.0 = Debug|Any CPU
		{C0F945E0-D6E4-4816-933A-15178EB16D0F}.Release|Any CPU.ActiveCfg = Release|Any CPU
		{C0F945E0-D6E4-4816-933A-15178EB16D0F}.Release|Any CPU.Build.0 = Release|Any CPU
		{C0F945E0-D6E4-4816-933A-15178EB16D0F}.Debug|iPhoneSimulator.ActiveCfg = Debug|Any CPU
		{C0F945E0-D6E4-4816-933A-15178EB16D0F}.Debug|iPhoneSimulator.Build.0 = Debug|Any CPU
		{C0F945E0-D6E4-4816-933A-15178EB16D0F}.Release|iPhoneSimulator.ActiveCfg = Release|Any CPU
		{C0F945E0-D6E4-4816-933A-15178EB16D0F}.Release|iPhoneSimulator.Build.0 = Release|Any CPU
		{C0F945E0-D6E4-4816-933A-15178EB16D0F}.Debug|iPhone.ActiveCfg = Debug|Any CPU
		{C0F945E0-D6E4-4816-933A-15178EB16D0F}.Debug|iPhone.Build.0 = Debug|Any CPU
		{C0F945E0-D6E4-4816-933A-15178EB16D0F}.Release|iPhone.ActiveCfg = Release|Any CPU
		{C0F945E0-D6E4-4816-933A-15178EB16D0F}.Release|iPhone.Build.0 = Release|Any CPU
		{654CF341-5FFE-4A64-8B68-80F24E1F170D}.Debug|Any CPU.ActiveCfg = Debug|iPhoneSimulator
		{654CF341-5FFE-4A64-8B68-80F24E1F170D}.Debug|Any CPU.Build.0 = Debug|iPhoneSimulator
		{654CF341-5FFE-4A64-8B68-80F24E1F170D}.Release|Any CPU.ActiveCfg = Release|iPhoneSimulator
		{654CF341-5FFE-4A64-8B68-80F24E1F170D}.Release|Any CPU.Build.0 = Release|iPhoneSimulator
		{654CF341-5FFE-4A64-8B68-80F24E1F170D}.Debug|iPhoneSimulator.ActiveCfg = Debug|iPhoneSimulator
		{654CF341-5FFE-4A64-8B68-80F24E1F170D}.Debug|iPhoneSimulator.Build.0 = Debug|iPhoneSimulator
		{654CF341-5FFE-4A64-8B68-80F24E1F170D}.Release|iPhoneSimulator.ActiveCfg = Release|iPhoneSimulator
		{654CF341-5FFE-4A64-8B68-80F24E1F170D}.Release|iPhoneSimulator.Build.0 = Release|iPhoneSimulator
		{654CF341-5FFE-4A64-8B68-80F24E1F170D}.Debug|iPhone.ActiveCfg = Debug|iPhone
		{654CF341-5FFE-4A64-8B68-80F24E1F170D}.Debug|iPhone.Build.0 = Debug|iPhone
		{654CF341-5FFE-4A64-8B68-80F24E1F170D}.Release|iPhone.ActiveCfg = Release|iPhone
		{654CF341-5FFE-4A64-8B68-80F24E1F170D}.Release|iPhone.Build.0 = Release|iPhone
		{CED49D56-4E34-432F-B161-821ED7790FEB}.Debug|Any CPU.ActiveCfg = Debug|Any CPU
		{CED49D56-4E34-432F-B161-821ED7790FEB}.Debug|Any CPU.Build.0 = Debug|Any CPU
		{CED49D56-4E34-432F-B161-821ED7790FEB}.Release|Any CPU.ActiveCfg = Release|Any CPU
		{CED49D56-4E34-432F-B161-821ED7790FEB}.Release|Any CPU.Build.0 = Release|Any CPU
		{CED49D56-4E34-432F-B161-821ED7790FEB}.Debug|iPhoneSimulator.ActiveCfg = Debug|Any CPU
		{CED49D56-4E34-432F-B161-821ED7790FEB}.Debug|iPhoneSimulator.Build.0 = Debug|Any CPU
		{CED49D56-4E34-432F-B161-821ED7790FEB}.Release|iPhoneSimulator.ActiveCfg = Release|Any CPU
		{CED49D56-4E34-432F-B161-821ED7790FEB}.Release|iPhoneSimulator.Build.0 = Release|Any CPU
		{CED49D56-4E34-432F-B161-821ED7790FEB}.Debug|iPhone.ActiveCfg = Debug|Any CPU
		{CED49D56-4E34-432F-B161-821ED7790FEB}.Debug|iPhone.Build.0 = Debug|Any CPU
		{CED49D56-4E34-432F-B161-821ED7790FEB}.Release|iPhone.ActiveCfg = Release|Any CPU
		{CED49D56-4E34-432F-B161-821ED7790FEB}.Release|iPhone.Build.0 = Release|Any CPU
		{E775370D-5CFE-4D50-B38F-C086F3372DA1}.Debug|Any CPU.ActiveCfg = Debug|Any CPU
		{E775370D-5CFE-4D50-B38F-C086F3372DA1}.Debug|Any CPU.Build.0 = Debug|Any CPU
		{E775370D-5CFE-4D50-B38F-C086F3372DA1}.Release|Any CPU.ActiveCfg = Release|Any CPU
		{E775370D-5CFE-4D50-B38F-C086F3372DA1}.Release|Any CPU.Build.0 = Release|Any CPU
		{E775370D-5CFE-4D50-B38F-C086F3372DA1}.Debug|iPhoneSimulator.ActiveCfg = Debug|Any CPU
		{E775370D-5CFE-4D50-B38F-C086F3372DA1}.Debug|iPhoneSimulator.Build.0 = Debug|Any CPU
		{E775370D-5CFE-4D50-B38F-C086F3372DA1}.Release|iPhoneSimulator.ActiveCfg = Release|Any CPU
		{E775370D-5CFE-4D50-B38F-C086F3372DA1}.Release|iPhoneSimulator.Build.0 = Release|Any CPU
		{E775370D-5CFE-4D50-B38F-C086F3372DA1}.Debug|iPhone.ActiveCfg = Debug|Any CPU
		{E775370D-5CFE-4D50-B38F-C086F3372DA1}.Debug|iPhone.Build.0 = Debug|Any CPU
		{E775370D-5CFE-4D50-B38F-C086F3372DA1}.Release|iPhone.ActiveCfg = Release|Any CPU
		{E775370D-5CFE-4D50-B38F-C086F3372DA1}.Release|iPhone.Build.0 = Release|Any CPU
		{A50A2E0E-AA49-4B66-8D21-1909327C92EF}.Debug|Any CPU.ActiveCfg = Debug|Any CPU
		{A50A2E0E-AA49-4B66-8D21-1909327C92EF}.Debug|Any CPU.Build.0 = Debug|Any CPU
		{A50A2E0E-AA49-4B66-8D21-1909327C92EF}.Release|Any CPU.ActiveCfg = Release|Any CPU
		{A50A2E0E-AA49-4B66-8D21-1909327C92EF}.Release|Any CPU.Build.0 = Release|Any CPU
		{A50A2E0E-AA49-4B66-8D21-1909327C92EF}.Debug|iPhoneSimulator.ActiveCfg = Debug|Any CPU
		{A50A2E0E-AA49-4B66-8D21-1909327C92EF}.Debug|iPhoneSimulator.Build.0 = Debug|Any CPU
		{A50A2E0E-AA49-4B66-8D21-1909327C92EF}.Release|iPhoneSimulator.ActiveCfg = Release|Any CPU
		{A50A2E0E-AA49-4B66-8D21-1909327C92EF}.Release|iPhoneSimulator.Build.0 = Release|Any CPU
		{A50A2E0E-AA49-4B66-8D21-1909327C92EF}.Debug|iPhone.ActiveCfg = Debug|Any CPU
		{A50A2E0E-AA49-4B66-8D21-1909327C92EF}.Debug|iPhone.Build.0 = Debug|Any CPU
		{A50A2E0E-AA49-4B66-8D21-1909327C92EF}.Release|iPhone.ActiveCfg = Release|Any CPU
		{A50A2E0E-AA49-4B66-8D21-1909327C92EF}.Release|iPhone.Build.0 = Release|Any CPU
		{E6B748E3-6558-4B61-8E9A-DD984A7C028B}.Debug|Any CPU.ActiveCfg = Debug|iPhoneSimulator
		{E6B748E3-6558-4B61-8E9A-DD984A7C028B}.Debug|Any CPU.Build.0 = Debug|iPhoneSimulator
		{E6B748E3-6558-4B61-8E9A-DD984A7C028B}.Release|Any CPU.ActiveCfg = Release|iPhoneSimulator
		{E6B748E3-6558-4B61-8E9A-DD984A7C028B}.Release|Any CPU.Build.0 = Release|iPhoneSimulator
		{E6B748E3-6558-4B61-8E9A-DD984A7C028B}.Debug|iPhoneSimulator.ActiveCfg = Debug|iPhoneSimulator
		{E6B748E3-6558-4B61-8E9A-DD984A7C028B}.Debug|iPhoneSimulator.Build.0 = Debug|iPhoneSimulator
		{E6B748E3-6558-4B61-8E9A-DD984A7C028B}.Release|iPhoneSimulator.ActiveCfg = Release|iPhoneSimulator
		{E6B748E3-6558-4B61-8E9A-DD984A7C028B}.Release|iPhoneSimulator.Build.0 = Release|iPhoneSimulator
		{E6B748E3-6558-4B61-8E9A-DD984A7C028B}.Debug|iPhone.ActiveCfg = Debug|iPhone
		{E6B748E3-6558-4B61-8E9A-DD984A7C028B}.Debug|iPhone.Build.0 = Debug|iPhone
		{E6B748E3-6558-4B61-8E9A-DD984A7C028B}.Release|iPhone.ActiveCfg = Release|iPhone
		{E6B748E3-6558-4B61-8E9A-DD984A7C028B}.Release|iPhone.Build.0 = Release|iPhone
		{2C163E09-1519-43D4-9F94-3DF235B9AF77}.Debug|Any CPU.ActiveCfg = Debug|Any CPU
		{2C163E09-1519-43D4-9F94-3DF235B9AF77}.Debug|Any CPU.Build.0 = Debug|Any CPU
		{2C163E09-1519-43D4-9F94-3DF235B9AF77}.Release|Any CPU.ActiveCfg = Release|Any CPU
		{2C163E09-1519-43D4-9F94-3DF235B9AF77}.Release|Any CPU.Build.0 = Release|Any CPU
		{2C163E09-1519-43D4-9F94-3DF235B9AF77}.Debug|iPhoneSimulator.ActiveCfg = Debug|Any CPU
		{2C163E09-1519-43D4-9F94-3DF235B9AF77}.Debug|iPhoneSimulator.Build.0 = Debug|Any CPU
		{2C163E09-1519-43D4-9F94-3DF235B9AF77}.Release|iPhoneSimulator.ActiveCfg = Release|Any CPU
		{2C163E09-1519-43D4-9F94-3DF235B9AF77}.Release|iPhoneSimulator.Build.0 = Release|Any CPU
		{2C163E09-1519-43D4-9F94-3DF235B9AF77}.Debug|iPhone.ActiveCfg = Debug|Any CPU
		{2C163E09-1519-43D4-9F94-3DF235B9AF77}.Debug|iPhone.Build.0 = Debug|Any CPU
		{2C163E09-1519-43D4-9F94-3DF235B9AF77}.Release|iPhone.ActiveCfg = Release|Any CPU
		{2C163E09-1519-43D4-9F94-3DF235B9AF77}.Release|iPhone.Build.0 = Release|Any CPU
		{1D1671C6-4929-48D8-883E-2D22D83B3DB5}.Debug|Any CPU.ActiveCfg = Debug|Any CPU
		{1D1671C6-4929-48D8-883E-2D22D83B3DB5}.Debug|Any CPU.Build.0 = Debug|Any CPU
		{1D1671C6-4929-48D8-883E-2D22D83B3DB5}.Release|Any CPU.ActiveCfg = Release|Any CPU
		{1D1671C6-4929-48D8-883E-2D22D83B3DB5}.Release|Any CPU.Build.0 = Release|Any CPU
		{1D1671C6-4929-48D8-883E-2D22D83B3DB5}.Debug|iPhoneSimulator.ActiveCfg = Debug|Any CPU
		{1D1671C6-4929-48D8-883E-2D22D83B3DB5}.Debug|iPhoneSimulator.Build.0 = Debug|Any CPU
		{1D1671C6-4929-48D8-883E-2D22D83B3DB5}.Release|iPhoneSimulator.ActiveCfg = Release|Any CPU
		{1D1671C6-4929-48D8-883E-2D22D83B3DB5}.Release|iPhoneSimulator.Build.0 = Release|Any CPU
		{1D1671C6-4929-48D8-883E-2D22D83B3DB5}.Debug|iPhone.ActiveCfg = Debug|Any CPU
		{1D1671C6-4929-48D8-883E-2D22D83B3DB5}.Debug|iPhone.Build.0 = Debug|Any CPU
		{1D1671C6-4929-48D8-883E-2D22D83B3DB5}.Release|iPhone.ActiveCfg = Release|Any CPU
		{1D1671C6-4929-48D8-883E-2D22D83B3DB5}.Release|iPhone.Build.0 = Release|Any CPU
		{5D14D1CC-E04C-47D9-842D-8BB9782CCD73}.Debug|Any CPU.ActiveCfg = Debug|Any CPU
		{5D14D1CC-E04C-47D9-842D-8BB9782CCD73}.Debug|Any CPU.Build.0 = Debug|Any CPU
		{5D14D1CC-E04C-47D9-842D-8BB9782CCD73}.Release|Any CPU.ActiveCfg = Release|Any CPU
		{5D14D1CC-E04C-47D9-842D-8BB9782CCD73}.Release|Any CPU.Build.0 = Release|Any CPU
		{5D14D1CC-E04C-47D9-842D-8BB9782CCD73}.Debug|iPhoneSimulator.ActiveCfg = Debug|Any CPU
		{5D14D1CC-E04C-47D9-842D-8BB9782CCD73}.Debug|iPhoneSimulator.Build.0 = Debug|Any CPU
		{5D14D1CC-E04C-47D9-842D-8BB9782CCD73}.Release|iPhoneSimulator.ActiveCfg = Release|Any CPU
		{5D14D1CC-E04C-47D9-842D-8BB9782CCD73}.Release|iPhoneSimulator.Build.0 = Release|Any CPU
		{5D14D1CC-E04C-47D9-842D-8BB9782CCD73}.Debug|iPhone.ActiveCfg = Debug|Any CPU
		{5D14D1CC-E04C-47D9-842D-8BB9782CCD73}.Debug|iPhone.Build.0 = Debug|Any CPU
		{5D14D1CC-E04C-47D9-842D-8BB9782CCD73}.Release|iPhone.ActiveCfg = Release|Any CPU
		{5D14D1CC-E04C-47D9-842D-8BB9782CCD73}.Release|iPhone.Build.0 = Release|Any CPU
		{3542027F-E924-4D5F-B54D-B62A078A3C12}.Debug|Any CPU.ActiveCfg = Debug|iPhoneSimulator
		{3542027F-E924-4D5F-B54D-B62A078A3C12}.Debug|Any CPU.Build.0 = Debug|iPhoneSimulator
		{3542027F-E924-4D5F-B54D-B62A078A3C12}.Release|Any CPU.ActiveCfg = Release|iPhoneSimulator
		{3542027F-E924-4D5F-B54D-B62A078A3C12}.Release|Any CPU.Build.0 = Release|iPhoneSimulator
		{3542027F-E924-4D5F-B54D-B62A078A3C12}.Debug|iPhoneSimulator.ActiveCfg = Debug|iPhoneSimulator
		{3542027F-E924-4D5F-B54D-B62A078A3C12}.Debug|iPhoneSimulator.Build.0 = Debug|iPhoneSimulator
		{3542027F-E924-4D5F-B54D-B62A078A3C12}.Release|iPhoneSimulator.ActiveCfg = Release|iPhoneSimulator
		{3542027F-E924-4D5F-B54D-B62A078A3C12}.Release|iPhoneSimulator.Build.0 = Release|iPhoneSimulator
		{3542027F-E924-4D5F-B54D-B62A078A3C12}.Debug|iPhone.ActiveCfg = Debug|iPhone
		{3542027F-E924-4D5F-B54D-B62A078A3C12}.Debug|iPhone.Build.0 = Debug|iPhone
		{3542027F-E924-4D5F-B54D-B62A078A3C12}.Release|iPhone.ActiveCfg = Release|iPhone
		{3542027F-E924-4D5F-B54D-B62A078A3C12}.Release|iPhone.Build.0 = Release|iPhone
		{7BB63C75-8982-44C8-837F-60D3E3C077D9}.Debug|Any CPU.ActiveCfg = Debug|Any CPU
		{7BB63C75-8982-44C8-837F-60D3E3C077D9}.Debug|Any CPU.Build.0 = Debug|Any CPU
		{7BB63C75-8982-44C8-837F-60D3E3C077D9}.Release|Any CPU.ActiveCfg = Release|Any CPU
		{7BB63C75-8982-44C8-837F-60D3E3C077D9}.Release|Any CPU.Build.0 = Release|Any CPU
		{7BB63C75-8982-44C8-837F-60D3E3C077D9}.Debug|iPhoneSimulator.ActiveCfg = Debug|Any CPU
		{7BB63C75-8982-44C8-837F-60D3E3C077D9}.Debug|iPhoneSimulator.Build.0 = Debug|Any CPU
		{7BB63C75-8982-44C8-837F-60D3E3C077D9}.Release|iPhoneSimulator.ActiveCfg = Release|Any CPU
		{7BB63C75-8982-44C8-837F-60D3E3C077D9}.Release|iPhoneSimulator.Build.0 = Release|Any CPU
		{7BB63C75-8982-44C8-837F-60D3E3C077D9}.Debug|iPhone.ActiveCfg = Debug|Any CPU
		{7BB63C75-8982-44C8-837F-60D3E3C077D9}.Debug|iPhone.Build.0 = Debug|Any CPU
		{7BB63C75-8982-44C8-837F-60D3E3C077D9}.Release|iPhone.ActiveCfg = Release|Any CPU
		{7BB63C75-8982-44C8-837F-60D3E3C077D9}.Release|iPhone.Build.0 = Release|Any CPU
		{6C344FBD-A611-4C21-B570-6EC0B88830F7}.Debug|Any CPU.ActiveCfg = Debug|Any CPU
		{6C344FBD-A611-4C21-B570-6EC0B88830F7}.Debug|Any CPU.Build.0 = Debug|Any CPU
		{6C344FBD-A611-4C21-B570-6EC0B88830F7}.Release|Any CPU.ActiveCfg = Release|Any CPU
		{6C344FBD-A611-4C21-B570-6EC0B88830F7}.Release|Any CPU.Build.0 = Release|Any CPU
		{6C344FBD-A611-4C21-B570-6EC0B88830F7}.Debug|iPhoneSimulator.ActiveCfg = Debug|Any CPU
		{6C344FBD-A611-4C21-B570-6EC0B88830F7}.Debug|iPhoneSimulator.Build.0 = Debug|Any CPU
		{6C344FBD-A611-4C21-B570-6EC0B88830F7}.Release|iPhoneSimulator.ActiveCfg = Release|Any CPU
		{6C344FBD-A611-4C21-B570-6EC0B88830F7}.Release|iPhoneSimulator.Build.0 = Release|Any CPU
		{6C344FBD-A611-4C21-B570-6EC0B88830F7}.Debug|iPhone.ActiveCfg = Debug|Any CPU
		{6C344FBD-A611-4C21-B570-6EC0B88830F7}.Debug|iPhone.Build.0 = Debug|Any CPU
		{6C344FBD-A611-4C21-B570-6EC0B88830F7}.Release|iPhone.ActiveCfg = Release|Any CPU
		{6C344FBD-A611-4C21-B570-6EC0B88830F7}.Release|iPhone.Build.0 = Release|Any CPU
	EndGlobalSection
	GlobalSection(NestedProjects) = preSolution
	EndGlobalSection
EndGlobal
